
Microsoft Visual Studio Solution File, Format Version 12.00
# Visual Studio Version 16
VisualStudioVersion = 16.0.29324.140
MinimumVisualStudioVersion = 10.0.40219.1
Project("{FAE04EC0-301F-11D3-BF4B-00C04F79EFBC}") = "BlackJackGame", "BlackJackGame.csproj", "{EFA57322-8FC8-4F51-962C-4E2B07520D8D}"
EndProject
Project("{FAE04EC0-301F-11D3-BF4B-00C04F79EFBC}") = "BlackJackGame.Tests", "..\BlackJackGame.Tests\BlackJackGame.Tests.csproj", "{8A9C0188-B31D-416D-AE26-A6DF0BBC3F9B}"
EndProject
Global
	GlobalSection(SolutionConfigurationPlatforms) = preSolution
		Debug|Any CPU = Debug|Any CPU
		Release|Any CPU = Release|Any CPU
	EndGlobalSection
	GlobalSection(ProjectConfigurationPlatforms) = postSolution
		{EFA57322-8FC8-4F51-962C-4E2B07520D8D}.Debug|Any CPU.ActiveCfg = Debug|Any CPU
		{EFA57322-8FC8-4F51-962C-4E2B07520D8D}.Debug|Any CPU.Build.0 = Debug|Any CPU
		{EFA57322-8FC8-4F51-962C-4E2B07520D8D}.Release|Any CPU.ActiveCfg = Release|Any CPU
		{EFA57322-8FC8-4F51-962C-4E2B07520D8D}.Release|Any CPU.Build.0 = Release|Any CPU
		{8A9C0188-B31D-416D-AE26-A6DF0BBC3F9B}.Debug|Any CPU.ActiveCfg = Debug|Any CPU
		{8A9C0188-B31D-416D-AE26-A6DF0BBC3F9B}.Debug|Any CPU.Build.0 = Debug|Any CPU
		{8A9C0188-B31D-416D-AE26-A6DF0BBC3F9B}.Release|Any CPU.ActiveCfg = Release|Any CPU
		{8A9C0188-B31D-416D-AE26-A6DF0BBC3F9B}.Release|Any CPU.Build.0 = Release|Any CPU
	EndGlobalSection
	GlobalSection(SolutionProperties) = preSolution
		HideSolutionNode = FALSE
	EndGlobalSection
	GlobalSection(ExtensibilityGlobals) = postSolution
		SolutionGuid = {AEA0D694-A191-46E4-91CA-38F3FC69D6AD}
	EndGlobalSection
EndGlobal
